
Microsoft Visual Studio Solution File, Format Version 12.00
# Visual Studio Version 16
VisualStudioVersion = 16.0.29926.136
MinimumVisualStudioVersion = 10.0.40219.1
Project("{2150E333-8FDC-42A3-9474-1A3956D46DE8}") = "Services", "Services", "{BD73A472-E19F-4D8F-A059-0590E1C860C6}"
EndProject
Project("{2150E333-8FDC-42A3-9474-1A3956D46DE8}") = "CrossCutting", "CrossCutting", "{6C413281-904E-4FB6-9947-8A86A29C4E45}"
EndProject
Project("{9A19103F-16F7-4668-BE54-9A1E7A4F7556}") = "BinaryLab.CopaFilmes.Repositorio", "BinaryLab.CopaFilmes.Repositorio\BinaryLab.CopaFilmes.Repositorio.csproj", "{40874D1B-2302-4E99-848C-E519EAE6595B}"
EndProject
Project("{2150E333-8FDC-42A3-9474-1A3956D46DE8}") = "Filme", "Filme", "{06381D43-0343-42AA-A054-737B38D73E9E}"
EndProject
Project("{9A19103F-16F7-4668-BE54-9A1E7A4F7556}") = "BinaryLab.CopaFilmes.Filme.Dominio", "BinaryLab.CopaFilmes.Filme.Dominio\BinaryLab.CopaFilmes.Filme.Dominio.csproj", "{20177159-A4E3-4E35-ABB4-E7A93AA31213}"
EndProject
Project("{9A19103F-16F7-4668-BE54-9A1E7A4F7556}") = "BinaryLab.CopaFilmes.Filme.Repositorio", "BinaryLab.CopaFilmes.Filme.Repositorio\BinaryLab.CopaFilmes.Filme.Repositorio.csproj", "{34F3E20F-5C28-4307-94A3-106584EC301C}"
EndProject
Project("{9A19103F-16F7-4668-BE54-9A1E7A4F7556}") = "BinaryLab.CopaFilmes.Repositorio.Http", "BinaryLab.CopaFilmes.Repositorio.Http\BinaryLab.CopaFilmes.Repositorio.Http.csproj", "{F22EE77E-26B1-4300-A2DD-DEDFABEF34DE}"
EndProject
Project("{2150E333-8FDC-42A3-9474-1A3956D46DE8}") = "src", "src", "{38868CC3-E1BD-49DC-91E6-83D61A612F46}"
EndProject
Project("{2150E333-8FDC-42A3-9474-1A3956D46DE8}") = "tests", "tests", "{428EF9A4-992F-41FB-9866-D1E1CE11C53C}"
EndProject
Project("{2150E333-8FDC-42A3-9474-1A3956D46DE8}") = "Services", "Services", "{F51EAACC-538E-47C3-AF56-C8D38FDF35B8}"
EndProject
Project("{2150E333-8FDC-42A3-9474-1A3956D46DE8}") = "Filme", "Filme", "{0B0452DF-C99E-43A2-B904-6B9263D5B420}"
EndProject
Project("{9A19103F-16F7-4668-BE54-9A1E7A4F7556}") = "BinaryLab.CopaFilmes.Filme.ServicoAplicacao", "BinaryLab.CopaFilmes.Filme.ServicoAplicacao\BinaryLab.CopaFilmes.Filme.ServicoAplicacao.csproj", "{852D41A5-0A7A-4151-B8AB-5C8A1A959FE2}"
EndProject
Project("{9A19103F-16F7-4668-BE54-9A1E7A4F7556}") = "BinaryLab.CopaFilmes.Filme.ServicoAplicacao.UnitTests", "BinaryLab.CopaFilmes.Filme.ServicoAplicacao.UnitTests\BinaryLab.CopaFilmes.Filme.ServicoAplicacao.UnitTests.csproj", "{93FF45E8-BF49-4024-905F-B420DFE0FE78}"
EndProject
Project("{9A19103F-16F7-4668-BE54-9A1E7A4F7556}") = "BinaryLab.CopaFilmes.Filme.Dominio.UnitTests", "BinaryLab.CopaFilmes.Filme.Dominio.UnitTests\BinaryLab.CopaFilmes.Filme.Dominio.UnitTests.csproj", "{2A40EEC1-979A-4E17-8B5F-D93E4ABD15CC}"
EndProject
Project("{2150E333-8FDC-42A3-9474-1A3956D46DE8}") = "CrossCutting", "CrossCutting", "{1431DB44-D78B-43FD-8225-43A99D15DC88}"
EndProject
Project("{9A19103F-16F7-4668-BE54-9A1E7A4F7556}") = "BinaryLab.CopaFilmes.Tests.Mocks", "BinaryLab.CopaFilmes.Tests.Mocks\BinaryLab.CopaFilmes.Tests.Mocks.csproj", "{3CA45D72-350C-4C27-98B1-6E5A3F03D8E3}"
EndProject
Project("{9A19103F-16F7-4668-BE54-9A1E7A4F7556}") = "BinaryLab.CopaFilmes.Filme.Repositorio.UnitTests", "BinaryLab.CopaFilmes.Filme.Repositorio.UnitTests\BinaryLab.CopaFilmes.Filme.Repositorio.UnitTests.csproj", "{8AF0B2A9-6C7B-409B-A626-53F005C5153C}"
EndProject
Project("{9A19103F-16F7-4668-BE54-9A1E7A4F7556}") = "BinaryLab.CopaFilmes.Repositorio.Http.UnitTests", "BinaryLab.CopaFilmes.Repositorio.Http.UnitTests\BinaryLab.CopaFilmes.Repositorio.Http.UnitTests.csproj", "{E846FEB5-28F5-4690-A0D1-E9684A731663}"
EndProject
Project("{2150E333-8FDC-42A3-9474-1A3956D46DE8}") = "UnitTests", "UnitTests", "{ED0F95D5-C3BF-457A-8566-32DF29BF9227}"
EndProject
Project("{2150E333-8FDC-42A3-9474-1A3956D46DE8}") = "IntegrationTests", "IntegrationTests", "{D43692C9-5733-4284-B889-5E9DA2FF34E5}"
EndProject
Project("{9A19103F-16F7-4668-BE54-9A1E7A4F7556}") = "BinaryLab.CopaFilmes.Filme.Api", "BinaryLab.CopaFilmes.Filme.Api\BinaryLab.CopaFilmes.Filme.Api.csproj", "{C4687905-60AB-4B28-A1E0-520D4BB776FC}"
EndProject
Project("{9A19103F-16F7-4668-BE54-9A1E7A4F7556}") = "BinaryLab.CopaFilmes.Hospedagem", "BinaryLab.CopaFilmes.Hospedagem\BinaryLab.CopaFilmes.Hospedagem.csproj", "{C79F4B85-AB40-43E9-AA0B-D34BFD75B846}"
EndProject
Project("{9A19103F-16F7-4668-BE54-9A1E7A4F7556}") = "BinaryLab.CopaFilmes.Api", "BinaryLab.CopaFilmes.Api\BinaryLab.CopaFilmes.Api.csproj", "{DED8C155-F788-4566-8B66-BBAF970E4365}"
EndProject
Project("{9A19103F-16F7-4668-BE54-9A1E7A4F7556}") = "BinaryLab.CopaFilmes.Middleware", "BinaryLab.CopaFilmes.Middleware\BinaryLab.CopaFilmes.Middleware.csproj", "{410DF33F-EC20-4224-BAEE-14F5753EEB9F}"
EndProject
Project("{9A19103F-16F7-4668-BE54-9A1E7A4F7556}") = "BinaryLab.CopaFilmes.Http", "BinaryLab.CopaFilmes.Http\BinaryLab.CopaFilmes.Http.csproj", "{0AAB5BB9-DF6B-41E1-B218-9228A8881C40}"
EndProject
Project("{9A19103F-16F7-4668-BE54-9A1E7A4F7556}") = "BinaryLab.CopaFilmes.Logging", "BinaryLab.CopaFilmes.Logging\BinaryLab.CopaFilmes.Logging.csproj", "{784C8095-338B-48FA-8612-A660A5AE0AB7}"
EndProject
Project("{9A19103F-16F7-4668-BE54-9A1E7A4F7556}") = "BinaryLab.CopaFilmes.Configuracao", "BinaryLab.CopaFilmes.Configuracao\BinaryLab.CopaFilmes.Configuracao.csproj", "{559C31F3-02BD-4CC0-970F-0066C0B91DB6}"
EndProject
Global
	GlobalSection(SolutionConfigurationPlatforms) = preSolution
		Debug|Any CPU = Debug|Any CPU
		Release|Any CPU = Release|Any CPU
	EndGlobalSection
	GlobalSection(ProjectConfigurationPlatforms) = postSolution
		{40874D1B-2302-4E99-848C-E519EAE6595B}.Debug|Any CPU.ActiveCfg = Debug|Any CPU
		{40874D1B-2302-4E99-848C-E519EAE6595B}.Debug|Any CPU.Build.0 = Debug|Any CPU
		{40874D1B-2302-4E99-848C-E519EAE6595B}.Release|Any CPU.ActiveCfg = Release|Any CPU
		{40874D1B-2302-4E99-848C-E519EAE6595B}.Release|Any CPU.Build.0 = Release|Any CPU
		{20177159-A4E3-4E35-ABB4-E7A93AA31213}.Debug|Any CPU.ActiveCfg = Debug|Any CPU
		{20177159-A4E3-4E35-ABB4-E7A93AA31213}.Debug|Any CPU.Build.0 = Debug|Any CPU
		{20177159-A4E3-4E35-ABB4-E7A93AA31213}.Release|Any CPU.ActiveCfg = Release|Any CPU
		{20177159-A4E3-4E35-ABB4-E7A93AA31213}.Release|Any CPU.Build.0 = Release|Any CPU
		{34F3E20F-5C28-4307-94A3-106584EC301C}.Debug|Any CPU.ActiveCfg = Debug|Any CPU
		{34F3E20F-5C28-4307-94A3-106584EC301C}.Debug|Any CPU.Build.0 = Debug|Any CPU
		{34F3E20F-5C28-4307-94A3-106584EC301C}.Release|Any CPU.ActiveCfg = Release|Any CPU
		{34F3E20F-5C28-4307-94A3-106584EC301C}.Release|Any CPU.Build.0 = Release|Any CPU
		{F22EE77E-26B1-4300-A2DD-DEDFABEF34DE}.Debug|Any CPU.ActiveCfg = Debug|Any CPU
		{F22EE77E-26B1-4300-A2DD-DEDFABEF34DE}.Debug|Any CPU.Build.0 = Debug|Any CPU
		{F22EE77E-26B1-4300-A2DD-DEDFABEF34DE}.Release|Any CPU.ActiveCfg = Release|Any CPU
		{F22EE77E-26B1-4300-A2DD-DEDFABEF34DE}.Release|Any CPU.Build.0 = Release|Any CPU
		{852D41A5-0A7A-4151-B8AB-5C8A1A959FE2}.Debug|Any CPU.ActiveCfg = Debug|Any CPU
		{852D41A5-0A7A-4151-B8AB-5C8A1A959FE2}.Debug|Any CPU.Build.0 = Debug|Any CPU
		{852D41A5-0A7A-4151-B8AB-5C8A1A959FE2}.Release|Any CPU.ActiveCfg = Release|Any CPU
		{852D41A5-0A7A-4151-B8AB-5C8A1A959FE2}.Release|Any CPU.Build.0 = Release|Any CPU
		{93FF45E8-BF49-4024-905F-B420DFE0FE78}.Debug|Any CPU.ActiveCfg = Debug|Any CPU
		{93FF45E8-BF49-4024-905F-B420DFE0FE78}.Debug|Any CPU.Build.0 = Debug|Any CPU
		{93FF45E8-BF49-4024-905F-B420DFE0FE78}.Release|Any CPU.ActiveCfg = Release|Any CPU
		{93FF45E8-BF49-4024-905F-B420DFE0FE78}.Release|Any CPU.Build.0 = Release|Any CPU
		{2A40EEC1-979A-4E17-8B5F-D93E4ABD15CC}.Debug|Any CPU.ActiveCfg = Debug|Any CPU
		{2A40EEC1-979A-4E17-8B5F-D93E4ABD15CC}.Debug|Any CPU.Build.0 = Debug|Any CPU
		{2A40EEC1-979A-4E17-8B5F-D93E4ABD15CC}.Release|Any CPU.ActiveCfg = Release|Any CPU
		{2A40EEC1-979A-4E17-8B5F-D93E4ABD15CC}.Release|Any CPU.Build.0 = Release|Any CPU
		{3CA45D72-350C-4C27-98B1-6E5A3F03D8E3}.Debug|Any CPU.ActiveCfg = Debug|Any CPU
		{3CA45D72-350C-4C27-98B1-6E5A3F03D8E3}.Debug|Any CPU.Build.0 = Debug|Any CPU
		{3CA45D72-350C-4C27-98B1-6E5A3F03D8E3}.Release|Any CPU.ActiveCfg = Release|Any CPU
		{3CA45D72-350C-4C27-98B1-6E5A3F03D8E3}.Release|Any CPU.Build.0 = Release|Any CPU
		{8AF0B2A9-6C7B-409B-A626-53F005C5153C}.Debug|Any CPU.ActiveCfg = Debug|Any CPU
		{8AF0B2A9-6C7B-409B-A626-53F005C5153C}.Debug|Any CPU.Build.0 = Debug|Any CPU
		{8AF0B2A9-6C7B-409B-A626-53F005C5153C}.Release|Any CPU.ActiveCfg = Release|Any CPU
		{8AF0B2A9-6C7B-409B-A626-53F005C5153C}.Release|Any CPU.Build.0 = Release|Any CPU
		{E846FEB5-28F5-4690-A0D1-E9684A731663}.Debug|Any CPU.ActiveCfg = Debug|Any CPU
		{E846FEB5-28F5-4690-A0D1-E9684A731663}.Debug|Any CPU.Build.0 = Debug|Any CPU
		{E846FEB5-28F5-4690-A0D1-E9684A731663}.Release|Any CPU.ActiveCfg = Release|Any CPU
		{E846FEB5-28F5-4690-A0D1-E9684A731663}.Release|Any CPU.Build.0 = Release|Any CPU
		{C4687905-60AB-4B28-A1E0-520D4BB776FC}.Debug|Any CPU.ActiveCfg = Debug|Any CPU
		{C4687905-60AB-4B28-A1E0-520D4BB776FC}.Debug|Any CPU.Build.0 = Debug|Any CPU
		{C4687905-60AB-4B28-A1E0-520D4BB776FC}.Release|Any CPU.ActiveCfg = Release|Any CPU
		{C4687905-60AB-4B28-A1E0-520D4BB776FC}.Release|Any CPU.Build.0 = Release|Any CPU
		{C79F4B85-AB40-43E9-AA0B-D34BFD75B846}.Debug|Any CPU.ActiveCfg = Debug|Any CPU
		{C79F4B85-AB40-43E9-AA0B-D34BFD75B846}.Debug|Any CPU.Build.0 = Debug|Any CPU
		{C79F4B85-AB40-43E9-AA0B-D34BFD75B846}.Release|Any CPU.ActiveCfg = Release|Any CPU
		{C79F4B85-AB40-43E9-AA0B-D34BFD75B846}.Release|Any CPU.Build.0 = Release|Any CPU
		{DED8C155-F788-4566-8B66-BBAF970E4365}.Debug|Any CPU.ActiveCfg = Debug|Any CPU
		{DED8C155-F788-4566-8B66-BBAF970E4365}.Debug|Any CPU.Build.0 = Debug|Any CPU
		{DED8C155-F788-4566-8B66-BBAF970E4365}.Release|Any CPU.ActiveCfg = Release|Any CPU
		{DED8C155-F788-4566-8B66-BBAF970E4365}.Release|Any CPU.Build.0 = Release|Any CPU
		{410DF33F-EC20-4224-BAEE-14F5753EEB9F}.Debug|Any CPU.ActiveCfg = Debug|Any CPU
		{410DF33F-EC20-4224-BAEE-14F5753EEB9F}.Debug|Any CPU.Build.0 = Debug|Any CPU
		{410DF33F-EC20-4224-BAEE-14F5753EEB9F}.Release|Any CPU.ActiveCfg = Release|Any CPU
		{410DF33F-EC20-4224-BAEE-14F5753EEB9F}.Release|Any CPU.Build.0 = Release|Any CPU
		{0AAB5BB9-DF6B-41E1-B218-9228A8881C40}.Debug|Any CPU.ActiveCfg = Debug|Any CPU
		{0AAB5BB9-DF6B-41E1-B218-9228A8881C40}.Debug|Any CPU.Build.0 = Debug|Any CPU
		{0AAB5BB9-DF6B-41E1-B218-9228A8881C40}.Release|Any CPU.ActiveCfg = Release|Any CPU
		{0AAB5BB9-DF6B-41E1-B218-9228A8881C40}.Release|Any CPU.Build.0 = Release|Any CPU
		{784C8095-338B-48FA-8612-A660A5AE0AB7}.Debug|Any CPU.ActiveCfg = Debug|Any CPU
		{784C8095-338B-48FA-8612-A660A5AE0AB7}.Debug|Any CPU.Build.0 = Debug|Any CPU
		{784C8095-338B-48FA-8612-A660A5AE0AB7}.Release|Any CPU.ActiveCfg = Release|Any CPU
		{784C8095-338B-48FA-8612-A660A5AE0AB7}.Release|Any CPU.Build.0 = Release|Any CPU
		{559C31F3-02BD-4CC0-970F-0066C0B91DB6}.Debug|Any CPU.ActiveCfg = Debug|Any CPU
		{559C31F3-02BD-4CC0-970F-0066C0B91DB6}.Debug|Any CPU.Build.0 = Debug|Any CPU
		{559C31F3-02BD-4CC0-970F-0066C0B91DB6}.Release|Any CPU.ActiveCfg = Release|Any CPU
		{559C31F3-02BD-4CC0-970F-0066C0B91DB6}.Release|Any CPU.Build.0 = Release|Any CPU
	EndGlobalSection
	GlobalSection(SolutionProperties) = preSolution
		HideSolutionNode = FALSE
	EndGlobalSection
	GlobalSection(NestedProjects) = preSolution
		{BD73A472-E19F-4D8F-A059-0590E1C860C6} = {38868CC3-E1BD-49DC-91E6-83D61A612F46}
		{6C413281-904E-4FB6-9947-8A86A29C4E45} = {38868CC3-E1BD-49DC-91E6-83D61A612F46}
		{40874D1B-2302-4E99-848C-E519EAE6595B} = {6C413281-904E-4FB6-9947-8A86A29C4E45}
		{06381D43-0343-42AA-A054-737B38D73E9E} = {BD73A472-E19F-4D8F-A059-0590E1C860C6}
		{20177159-A4E3-4E35-ABB4-E7A93AA31213} = {06381D43-0343-42AA-A054-737B38D73E9E}
		{34F3E20F-5C28-4307-94A3-106584EC301C} = {06381D43-0343-42AA-A054-737B38D73E9E}
		{F22EE77E-26B1-4300-A2DD-DEDFABEF34DE} = {6C413281-904E-4FB6-9947-8A86A29C4E45}
		{F51EAACC-538E-47C3-AF56-C8D38FDF35B8} = {ED0F95D5-C3BF-457A-8566-32DF29BF9227}
		{0B0452DF-C99E-43A2-B904-6B9263D5B420} = {F51EAACC-538E-47C3-AF56-C8D38FDF35B8}
		{852D41A5-0A7A-4151-B8AB-5C8A1A959FE2} = {06381D43-0343-42AA-A054-737B38D73E9E}
		{93FF45E8-BF49-4024-905F-B420DFE0FE78} = {0B0452DF-C99E-43A2-B904-6B9263D5B420}
		{2A40EEC1-979A-4E17-8B5F-D93E4ABD15CC} = {0B0452DF-C99E-43A2-B904-6B9263D5B420}
		{1431DB44-D78B-43FD-8225-43A99D15DC88} = {ED0F95D5-C3BF-457A-8566-32DF29BF9227}
		{3CA45D72-350C-4C27-98B1-6E5A3F03D8E3} = {428EF9A4-992F-41FB-9866-D1E1CE11C53C}
		{8AF0B2A9-6C7B-409B-A626-53F005C5153C} = {0B0452DF-C99E-43A2-B904-6B9263D5B420}
		{E846FEB5-28F5-4690-A0D1-E9684A731663} = {1431DB44-D78B-43FD-8225-43A99D15DC88}
		{ED0F95D5-C3BF-457A-8566-32DF29BF9227} = {428EF9A4-992F-41FB-9866-D1E1CE11C53C}
		{D43692C9-5733-4284-B889-5E9DA2FF34E5} = {428EF9A4-992F-41FB-9866-D1E1CE11C53C}
		{C4687905-60AB-4B28-A1E0-520D4BB776FC} = {06381D43-0343-42AA-A054-737B38D73E9E}
		{C79F4B85-AB40-43E9-AA0B-D34BFD75B846} = {6C413281-904E-4FB6-9947-8A86A29C4E45}
		{DED8C155-F788-4566-8B66-BBAF970E4365} = {6C413281-904E-4FB6-9947-8A86A29C4E45}
		{410DF33F-EC20-4224-BAEE-14F5753EEB9F} = {6C413281-904E-4FB6-9947-8A86A29C4E45}
		{0AAB5BB9-DF6B-41E1-B218-9228A8881C40} = {6C413281-904E-4FB6-9947-8A86A29C4E45}
		{784C8095-338B-48FA-8612-A660A5AE0AB7} = {6C413281-904E-4FB6-9947-8A86A29C4E45}
		{559C31F3-02BD-4CC0-970F-0066C0B91DB6} = {6C413281-904E-4FB6-9947-8A86A29C4E45}
	EndGlobalSection
	GlobalSection(ExtensibilityGlobals) = postSolution
		SolutionGuid = {F33C4609-A6EE-45C7-ADA4-DD49A8A1F284}
	EndGlobalSection
EndGlobal
