
Microsoft Visual Studio Solution File, Format Version 12.00
# Visual Studio Version 16
VisualStudioVersion = 16.0.29926.136
MinimumVisualStudioVersion = 10.0.40219.1
Project("{2150E333-8FDC-42A3-9474-1A3956D46DE8}") = "Service", "Service", "{BD73A472-E19F-4D8F-A059-0590E1C860C6}"
EndProject
Project("{2150E333-8FDC-42A3-9474-1A3956D46DE8}") = "CrossCutting", "CrossCutting", "{6C413281-904E-4FB6-9947-8A86A29C4E45}"
EndProject
Project("{9A19103F-16F7-4668-BE54-9A1E7A4F7556}") = "BinaryLab.CopaFilmes.Api", "CrossCutting\BinaryLab.CopaFilmes.Api\BinaryLab.CopaFilmes.Api.csproj", "{871B73D9-57BF-4D0C-8270-1AA2AA9FF29B}"
EndProject
Project("{9A19103F-16F7-4668-BE54-9A1E7A4F7556}") = "BinaryLab.CopaFilmes.Configuracao", "CrossCutting\BinaryLab.CopaFilmes.Configuracao\BinaryLab.CopaFilmes.Configuracao.csproj", "{5DAD54D9-BE63-4FB9-9195-EAF8883EB03D}"
EndProject
Project("{9A19103F-16F7-4668-BE54-9A1E7A4F7556}") = "BinaryLab.CopaFilmes.Hospedagem", "CrossCutting\BinaryLab.CopaFilmes.Hospedagem\BinaryLab.CopaFilmes.Hospedagem.csproj", "{BCC8FE0B-AF35-44BA-8164-260B86A540AA}"
EndProject
Project("{9A19103F-16F7-4668-BE54-9A1E7A4F7556}") = "BinaryLab.CopaFilmes.Http", "CrossCutting\BinaryLab.CopaFilmes.Http\BinaryLab.CopaFilmes.Http.csproj", "{6F34F758-7B1B-478F-8F5A-2B09577BBA55}"
EndProject
Project("{9A19103F-16F7-4668-BE54-9A1E7A4F7556}") = "BinaryLab.CopaFilmes.Logging", "CrossCutting\BinaryLab.CopaFilmes.Logging\BinaryLab.CopaFilmes.Logging.csproj", "{CDB37B4F-4BAE-407E-A064-EAF64F0AA275}"
EndProject
Project("{9A19103F-16F7-4668-BE54-9A1E7A4F7556}") = "BinaryLab.CopaFilmes.Middleware", "CrossCutting\BinaryLab.CopaFilmes.Middleware\BinaryLab.CopaFilmes.Middleware.csproj", "{07292E5B-C017-43E3-BA7E-DC3F46024F03}"
EndProject
Project("{9A19103F-16F7-4668-BE54-9A1E7A4F7556}") = "BinaryLab.CopaFilmes.Repositorio", "CrossCutting\BinaryLab.CopaFilmes.Repositorio\BinaryLab.CopaFilmes.Repositorio.csproj", "{7428AF8F-40FF-42DF-AAD3-17C44B57D4B0}"
EndProject
Project("{9A19103F-16F7-4668-BE54-9A1E7A4F7556}") = "BinaryLab.CopaFilmes.Repositorio.Http", "CrossCutting\BinaryLab.CopaFilmes.Repositorio.Http\BinaryLab.CopaFilmes.Repositorio.Http.csproj", "{723C4879-C325-4D76-84F3-E09B72DA4BF7}"
EndProject
Project("{9A19103F-16F7-4668-BE54-9A1E7A4F7556}") = "BinaryLab.CopaFilmes.Filme.Api", "Service\BinaryLab.CopaFilmes.Filme.Api\BinaryLab.CopaFilmes.Filme.Api.csproj", "{13EC7368-6F37-436B-8BA2-796B83E96BA4}"
EndProject
Project("{9A19103F-16F7-4668-BE54-9A1E7A4F7556}") = "BinaryLab.CopaFilmes.Filme.Dominio", "Service\BinaryLab.CopaFilmes.Filme.Dominio\BinaryLab.CopaFilmes.Filme.Dominio.csproj", "{DBCB0D39-B238-4DE3-B416-3A5254DD0A21}"
EndProject
Project("{9A19103F-16F7-4668-BE54-9A1E7A4F7556}") = "BinaryLab.CopaFilmes.Filme.Repositorio", "Service\BinaryLab.CopaFilmes.Filme.Repositorio\BinaryLab.CopaFilmes.Filme.Repositorio.csproj", "{32E31328-C39E-4DC6-959D-3EC01BA3CFF3}"
EndProject
Project("{9A19103F-16F7-4668-BE54-9A1E7A4F7556}") = "BinaryLab.CopaFilmes.Filme.ServicoAplicacao", "Service\BinaryLab.CopaFilmes.Filme.ServicoAplicacao\BinaryLab.CopaFilmes.Filme.ServicoAplicacao.csproj", "{F0C78C85-1F3F-41C0-AAB5-3DFDB7945BF8}"
EndProject
Global
	GlobalSection(SolutionConfigurationPlatforms) = preSolution
		Debug|Any CPU = Debug|Any CPU
		Release|Any CPU = Release|Any CPU
	EndGlobalSection
	GlobalSection(ProjectConfigurationPlatforms) = postSolution
		{871B73D9-57BF-4D0C-8270-1AA2AA9FF29B}.Debug|Any CPU.ActiveCfg = Debug|Any CPU
		{871B73D9-57BF-4D0C-8270-1AA2AA9FF29B}.Debug|Any CPU.Build.0 = Debug|Any CPU
		{871B73D9-57BF-4D0C-8270-1AA2AA9FF29B}.Release|Any CPU.ActiveCfg = Release|Any CPU
		{871B73D9-57BF-4D0C-8270-1AA2AA9FF29B}.Release|Any CPU.Build.0 = Release|Any CPU
		{5DAD54D9-BE63-4FB9-9195-EAF8883EB03D}.Debug|Any CPU.ActiveCfg = Debug|Any CPU
		{5DAD54D9-BE63-4FB9-9195-EAF8883EB03D}.Debug|Any CPU.Build.0 = Debug|Any CPU
		{5DAD54D9-BE63-4FB9-9195-EAF8883EB03D}.Release|Any CPU.ActiveCfg = Release|Any CPU
		{5DAD54D9-BE63-4FB9-9195-EAF8883EB03D}.Release|Any CPU.Build.0 = Release|Any CPU
		{BCC8FE0B-AF35-44BA-8164-260B86A540AA}.Debug|Any CPU.ActiveCfg = Debug|Any CPU
		{BCC8FE0B-AF35-44BA-8164-260B86A540AA}.Debug|Any CPU.Build.0 = Debug|Any CPU
		{BCC8FE0B-AF35-44BA-8164-260B86A540AA}.Release|Any CPU.ActiveCfg = Release|Any CPU
		{BCC8FE0B-AF35-44BA-8164-260B86A540AA}.Release|Any CPU.Build.0 = Release|Any CPU
		{6F34F758-7B1B-478F-8F5A-2B09577BBA55}.Debug|Any CPU.ActiveCfg = Debug|Any CPU
		{6F34F758-7B1B-478F-8F5A-2B09577BBA55}.Debug|Any CPU.Build.0 = Debug|Any CPU
		{6F34F758-7B1B-478F-8F5A-2B09577BBA55}.Release|Any CPU.ActiveCfg = Release|Any CPU
		{6F34F758-7B1B-478F-8F5A-2B09577BBA55}.Release|Any CPU.Build.0 = Release|Any CPU
		{CDB37B4F-4BAE-407E-A064-EAF64F0AA275}.Debug|Any CPU.ActiveCfg = Debug|Any CPU
		{CDB37B4F-4BAE-407E-A064-EAF64F0AA275}.Debug|Any CPU.Build.0 = Debug|Any CPU
		{CDB37B4F-4BAE-407E-A064-EAF64F0AA275}.Release|Any CPU.ActiveCfg = Release|Any CPU
		{CDB37B4F-4BAE-407E-A064-EAF64F0AA275}.Release|Any CPU.Build.0 = Release|Any CPU
		{07292E5B-C017-43E3-BA7E-DC3F46024F03}.Debug|Any CPU.ActiveCfg = Debug|Any CPU
		{07292E5B-C017-43E3-BA7E-DC3F46024F03}.Debug|Any CPU.Build.0 = Debug|Any CPU
		{07292E5B-C017-43E3-BA7E-DC3F46024F03}.Release|Any CPU.ActiveCfg = Release|Any CPU
		{07292E5B-C017-43E3-BA7E-DC3F46024F03}.Release|Any CPU.Build.0 = Release|Any CPU
		{7428AF8F-40FF-42DF-AAD3-17C44B57D4B0}.Debug|Any CPU.ActiveCfg = Debug|Any CPU
		{7428AF8F-40FF-42DF-AAD3-17C44B57D4B0}.Debug|Any CPU.Build.0 = Debug|Any CPU
		{7428AF8F-40FF-42DF-AAD3-17C44B57D4B0}.Release|Any CPU.ActiveCfg = Release|Any CPU
		{7428AF8F-40FF-42DF-AAD3-17C44B57D4B0}.Release|Any CPU.Build.0 = Release|Any CPU
		{723C4879-C325-4D76-84F3-E09B72DA4BF7}.Debug|Any CPU.ActiveCfg = Debug|Any CPU
		{723C4879-C325-4D76-84F3-E09B72DA4BF7}.Debug|Any CPU.Build.0 = Debug|Any CPU
		{723C4879-C325-4D76-84F3-E09B72DA4BF7}.Release|Any CPU.ActiveCfg = Release|Any CPU
		{723C4879-C325-4D76-84F3-E09B72DA4BF7}.Release|Any CPU.Build.0 = Release|Any CPU
		{13EC7368-6F37-436B-8BA2-796B83E96BA4}.Debug|Any CPU.ActiveCfg = Debug|Any CPU
		{13EC7368-6F37-436B-8BA2-796B83E96BA4}.Debug|Any CPU.Build.0 = Debug|Any CPU
		{13EC7368-6F37-436B-8BA2-796B83E96BA4}.Release|Any CPU.ActiveCfg = Release|Any CPU
		{13EC7368-6F37-436B-8BA2-796B83E96BA4}.Release|Any CPU.Build.0 = Release|Any CPU
		{DBCB0D39-B238-4DE3-B416-3A5254DD0A21}.Debug|Any CPU.ActiveCfg = Debug|Any CPU
		{DBCB0D39-B238-4DE3-B416-3A5254DD0A21}.Debug|Any CPU.Build.0 = Debug|Any CPU
		{DBCB0D39-B238-4DE3-B416-3A5254DD0A21}.Release|Any CPU.ActiveCfg = Release|Any CPU
		{DBCB0D39-B238-4DE3-B416-3A5254DD0A21}.Release|Any CPU.Build.0 = Release|Any CPU
		{32E31328-C39E-4DC6-959D-3EC01BA3CFF3}.Debug|Any CPU.ActiveCfg = Debug|Any CPU
		{32E31328-C39E-4DC6-959D-3EC01BA3CFF3}.Debug|Any CPU.Build.0 = Debug|Any CPU
		{32E31328-C39E-4DC6-959D-3EC01BA3CFF3}.Release|Any CPU.ActiveCfg = Release|Any CPU
		{32E31328-C39E-4DC6-959D-3EC01BA3CFF3}.Release|Any CPU.Build.0 = Release|Any CPU
		{F0C78C85-1F3F-41C0-AAB5-3DFDB7945BF8}.Debug|Any CPU.ActiveCfg = Debug|Any CPU
		{F0C78C85-1F3F-41C0-AAB5-3DFDB7945BF8}.Debug|Any CPU.Build.0 = Debug|Any CPU
		{F0C78C85-1F3F-41C0-AAB5-3DFDB7945BF8}.Release|Any CPU.ActiveCfg = Release|Any CPU
		{F0C78C85-1F3F-41C0-AAB5-3DFDB7945BF8}.Release|Any CPU.Build.0 = Release|Any CPU
	EndGlobalSection
	GlobalSection(SolutionProperties) = preSolution
		HideSolutionNode = FALSE
	EndGlobalSection
	GlobalSection(NestedProjects) = preSolution
		{871B73D9-57BF-4D0C-8270-1AA2AA9FF29B} = {6C413281-904E-4FB6-9947-8A86A29C4E45}
		{5DAD54D9-BE63-4FB9-9195-EAF8883EB03D} = {6C413281-904E-4FB6-9947-8A86A29C4E45}
		{BCC8FE0B-AF35-44BA-8164-260B86A540AA} = {6C413281-904E-4FB6-9947-8A86A29C4E45}
		{6F34F758-7B1B-478F-8F5A-2B09577BBA55} = {6C413281-904E-4FB6-9947-8A86A29C4E45}
		{CDB37B4F-4BAE-407E-A064-EAF64F0AA275} = {6C413281-904E-4FB6-9947-8A86A29C4E45}
		{07292E5B-C017-43E3-BA7E-DC3F46024F03} = {6C413281-904E-4FB6-9947-8A86A29C4E45}
		{7428AF8F-40FF-42DF-AAD3-17C44B57D4B0} = {6C413281-904E-4FB6-9947-8A86A29C4E45}
		{723C4879-C325-4D76-84F3-E09B72DA4BF7} = {6C413281-904E-4FB6-9947-8A86A29C4E45}
		{13EC7368-6F37-436B-8BA2-796B83E96BA4} = {BD73A472-E19F-4D8F-A059-0590E1C860C6}
		{DBCB0D39-B238-4DE3-B416-3A5254DD0A21} = {BD73A472-E19F-4D8F-A059-0590E1C860C6}
		{32E31328-C39E-4DC6-959D-3EC01BA3CFF3} = {BD73A472-E19F-4D8F-A059-0590E1C860C6}
		{F0C78C85-1F3F-41C0-AAB5-3DFDB7945BF8} = {BD73A472-E19F-4D8F-A059-0590E1C860C6}
	EndGlobalSection
	GlobalSection(ExtensibilityGlobals) = postSolution
		SolutionGuid = {F33C4609-A6EE-45C7-ADA4-DD49A8A1F284}
	EndGlobalSection
EndGlobal
